
Microsoft Visual Studio Solution File, Format Version 12.00
# Visual Studio Version 17
VisualStudioVersion = 17.13.35818.85
MinimumVisualStudioVersion = 10.0.40219.1
Project("{FAE04EC0-301F-11D3-BF4B-00C04F79EFBC}") = "ITSM.Api", "ITSM.Api\ITSM.Api.csproj", "{F5F466E2-709A-428E-8DA8-E0AEF9E77D11}"
EndProject
Project("{FAE04EC0-301F-11D3-BF4B-00C04F79EFBC}") = "ITSM.Domain", "ITSM.Domain\ITSM.Domain.csproj", "{26E36235-D139-782D-988B-4CE86F2D95E0}"
EndProject
Project("{FAE04EC0-301F-11D3-BF4B-00C04F79EFBC}") = "ITSM.Infrastructure", "ITSM.Infrastructrure\ITSM.Infrastructure.csproj", "{9BAA9744-4721-F347-A297-37524A2AD284}"
EndProject
Global
	GlobalSection(SolutionConfigurationPlatforms) = preSolution
		Debug|Any CPU = Debug|Any CPU
		Release|Any CPU = Release|Any CPU
	EndGlobalSection
	GlobalSection(ProjectConfigurationPlatforms) = postSolution
		{F5F466E2-709A-428E-8DA8-E0AEF9E77D11}.Debug|Any CPU.ActiveCfg = Debug|Any CPU
		{F5F466E2-709A-428E-8DA8-E0AEF9E77D11}.Debug|Any CPU.Build.0 = Debug|Any CPU
		{F5F466E2-709A-428E-8DA8-E0AEF9E77D11}.Release|Any CPU.ActiveCfg = Release|Any CPU
		{F5F466E2-709A-428E-8DA8-E0AEF9E77D11}.Release|Any CPU.Build.0 = Release|Any CPU
		{26E36235-D139-782D-988B-4CE86F2D95E0}.Debug|Any CPU.ActiveCfg = Debug|Any CPU
		{26E36235-D139-782D-988B-4CE86F2D95E0}.Debug|Any CPU.Build.0 = Debug|Any CPU
		{26E36235-D139-782D-988B-4CE86F2D95E0}.Release|Any CPU.ActiveCfg = Release|Any CPU
		{26E36235-D139-782D-988B-4CE86F2D95E0}.Release|Any CPU.Build.0 = Release|Any CPU
		{9BAA9744-4721-F347-A297-37524A2AD284}.Debug|Any CPU.ActiveCfg = Debug|Any CPU
		{9BAA9744-4721-F347-A297-37524A2AD284}.Debug|Any CPU.Build.0 = Debug|Any CPU
		{9BAA9744-4721-F347-A297-37524A2AD284}.Release|Any CPU.ActiveCfg = Release|Any CPU
		{9BAA9744-4721-F347-A297-37524A2AD284}.Release|Any CPU.Build.0 = Release|Any CPU
	EndGlobalSection
	GlobalSection(SolutionProperties) = preSolution
		HideSolutionNode = FALSE
	EndGlobalSection
	GlobalSection(ExtensibilityGlobals) = postSolution
		SolutionGuid = {1FADF647-92B3-466E-8FA2-7E83CAB9413B}
	EndGlobalSection
EndGlobal
